
Microsoft Visual Studio Solution File, Format Version 12.00
# Visual Studio Version 17
VisualStudioVersion = 17.0.32112.339
MinimumVisualStudioVersion = 10.0.40219.1
Project("{9A19103F-16F7-4668-BE54-9A1E7A4F7556}") = "PhotoKeeper.Api", "PhotoKeeper.Api\PhotoKeeper.Api.csproj", "{0CEB3D73-F867-4593-AAEE-ADCFEA68C372}"
EndProject
Project("{2150E333-8FDC-42A3-9474-1A3956D46DE8}") = "Solution Items", "Solution Items", "{3D72BE32-3BB8-48AF-A7F0-6D8236A20B18}"
	ProjectSection(SolutionItems) = preProject
		.editorconfig = .editorconfig
	EndProjectSection
EndProject
Global
	GlobalSection(SolutionConfigurationPlatforms) = preSolution
		Debug|Any CPU = Debug|Any CPU
		Release|Any CPU = Release|Any CPU
	EndGlobalSection
	GlobalSection(ProjectConfigurationPlatforms) = postSolution
		{0CEB3D73-F867-4593-AAEE-ADCFEA68C372}.Debug|Any CPU.ActiveCfg = Debug|Any CPU
		{0CEB3D73-F867-4593-AAEE-ADCFEA68C372}.Debug|Any CPU.Build.0 = Debug|Any CPU
		{0CEB3D73-F867-4593-AAEE-ADCFEA68C372}.Release|Any CPU.ActiveCfg = Release|Any CPU
		{0CEB3D73-F867-4593-AAEE-ADCFEA68C372}.Release|Any CPU.Build.0 = Release|Any CPU
	EndGlobalSection
	GlobalSection(SolutionProperties) = preSolution
		HideSolutionNode = FALSE
	EndGlobalSection
	GlobalSection(ExtensibilityGlobals) = postSolution
		SolutionGuid = {AE5BFDB1-1A4F-4389-BE00-5EA4C44CCFB8}
	EndGlobalSection
EndGlobal
